// !$*UTF8*$!
{
	archiveVersion = 1;
	classes = {
	};
	objectVersion = 50;
	objects = {

/* Begin PBXBuildFile section */
		5F5E2569060B8DBE346820AD /* Pods_flutterlib.framework in Frameworks */ = {isa = PBXBuildFile; fileRef = CEBFF9A70559BF68A23A68D5 /* Pods_flutterlib.framework */; };
		E7B471B726CDA33E00B652C3 /* AppDelegate.swift in Sources */ = {isa = PBXBuildFile; fileRef = E7B471B626CDA33E00B652C3 /* AppDelegate.swift */; };
		E7B471B926CDA33E00B652C3 /* SceneDelegate.swift in Sources */ = {isa = PBXBuildFile; fileRef = E7B471B826CDA33E00B652C3 /* SceneDelegate.swift */; };
		E7B471BB26CDA33E00B652C3 /* ViewController.swift in Sources */ = {isa = PBXBuildFile; fileRef = E7B471BA26CDA33E00B652C3 /* ViewController.swift */; };
		E7B471BE26CDA33E00B652C3 /* Main.storyboard in Resources */ = {isa = PBXBuildFile; fileRef = E7B471BC26CDA33E00B652C3 /* Main.storyboard */; };
		E7B471C026CDA34100B652C3 /* Assets.xcassets in Resources */ = {isa = PBXBuildFile; fileRef = E7B471BF26CDA34100B652C3 /* Assets.xcassets */; };
		E7B471C326CDA34100B652C3 /* LaunchScreen.storyboard in Resources */ = {isa = PBXBuildFile; fileRef = E7B471C126CDA34100B652C3 /* LaunchScreen.storyboard */; };
/* End PBXBuildFile section */

/* Begin PBXFileReference section */
		32E336D3F38F3F080FAFB54D /* Pods-flutterlib.debug.xcconfig */ = {isa = PBXFileReference; includeInIndex = 1; lastKnownFileType = text.xcconfig; name = "Pods-flutterlib.debug.xcconfig"; path = "Target Support Files/Pods-flutterlib/Pods-flutterlib.debug.xcconfig"; sourceTree = "<group>"; };
		CEBFF9A70559BF68A23A68D5 /* Pods_flutterlib.framework */ = {isa = PBXFileReference; explicitFileType = wrapper.framework; includeInIndex = 0; path = Pods_flutterlib.framework; sourceTree = BUILT_PRODUCTS_DIR; };
		D75C490D411CE9DC3734711D /* Pods-flutterlib.release.xcconfig */ = {isa = PBXFileReference; includeInIndex = 1; lastKnownFileType = text.xcconfig; name = "Pods-flutterlib.release.xcconfig"; path = "Target Support Files/Pods-flutterlib/Pods-flutterlib.release.xcconfig"; sourceTree = "<group>"; };
		E7B471B326CDA33E00B652C3 /* flutterlib.app */ = {isa = PBXFileReference; explicitFileType = wrapper.application; includeInIndex = 0; path = flutterlib.app; sourceTree = BUILT_PRODUCTS_DIR; };
		E7B471B626CDA33E00B652C3 /* AppDelegate.swift */ = {isa = PBXFileReference; lastKnownFileType = sourcecode.swift; path = AppDelegate.swift; sourceTree = "<group>"; };
		E7B471B826CDA33E00B652C3 /* SceneDelegate.swift */ = {isa = PBXFileReference; lastKnownFileType = sourcecode.swift; path = SceneDelegate.swift; sourceTree = "<group>"; };
		E7B471BA26CDA33E00B652C3 /* ViewController.swift */ = {isa = PBXFileReference; lastKnownFileType = sourcecode.swift; path = ViewController.swift; sourceTree = "<group>"; };
		E7B471BD26CDA33E00B652C3 /* Base */ = {isa = PBXFileReference; lastKnownFileType = file.storyboard; name = Base; path = Base.lproj/Main.storyboard; sourceTree = "<group>"; };
		E7B471BF26CDA34100B652C3 /* Assets.xcassets */ = {isa = PBXFileReference; lastKnownFileType = folder.assetcatalog; path = Assets.xcassets; sourceTree = "<group>"; };
		E7B471C226CDA34100B652C3 /* Base */ = {isa = PBXFileReference; lastKnownFileType = file.storyboard; name = Base; path = Base.lproj/LaunchScreen.storyboard; sourceTree = "<group>"; };
		E7B471C426CDA34100B652C3 /* Info.plist */ = {isa = PBXFileReference; lastKnownFileType = text.plist.xml; path = Info.plist; sourceTree = "<group>"; };
/* End PBXFileReference section */

/* Begin PBXFrameworksBuildPhase section */
		E7B471B026CDA33E00B652C3 /* Frameworks */ = {
			isa = PBXFrameworksBuildPhase;
			buildActionMask = 2147483647;
			files = (
				5F5E2569060B8DBE346820AD /* Pods_flutterlib.framework in Frameworks */,
			);
			runOnlyForDeploymentPostprocessing = 0;
		};
/* End PBXFrameworksBuildPhase section */

/* Begin PBXGroup section */
		8028AB8908C33765AF549225 /* Frameworks */ = {
			isa = PBXGroup;
			children = (
				CEBFF9A70559BF68A23A68D5 /* Pods_flutterlib.framework */,
			);
			name = Frameworks;
			sourceTree = "<group>";
		};
		CF828828C760BC73B43C0CDA /* Pods */ = {
			isa = PBXGroup;
			children = (
				32E336D3F38F3F080FAFB54D /* Pods-flutterlib.debug.xcconfig */,
				D75C490D411CE9DC3734711D /* Pods-flutterlib.release.xcconfig */,
			);
			name = Pods;
			path = Pods;
			sourceTree = "<group>";
		};
		E7B471AA26CDA33E00B652C3 = {
			isa = PBXGroup;
			children = (
				E7B471B526CDA33E00B652C3 /* flutterlib */,
				E7B471B426CDA33E00B652C3 /* Products */,
				CF828828C760BC73B43C0CDA /* Pods */,
				8028AB8908C33765AF549225 /* Frameworks */,
			);
			sourceTree = "<group>";
		};
		E7B471B426CDA33E00B652C3 /* Products */ = {
			isa = PBXGroup;
			children = (
				E7B471B326CDA33E00B652C3 /* flutterlib.app */,
			);
			name = Products;
			sourceTree = "<group>";
		};
		E7B471B526CDA33E00B652C3 /* flutterlib */ = {
			isa = PBXGroup;
			children = (
				E7B471B626CDA33E00B652C3 /* AppDelegate.swift */,
				E7B471B826CDA33E00B652C3 /* SceneDelegate.swift */,
				E7B471BA26CDA33E00B652C3 /* ViewController.swift */,
				E7B471BC26CDA33E00B652C3 /* Main.storyboard */,
				E7B471BF26CDA34100B652C3 /* Assets.xcassets */,
				E7B471C126CDA34100B652C3 /* LaunchScreen.storyboard */,
				E7B471C426CDA34100B652C3 /* Info.plist */,
			);
			path = flutterlib;
			sourceTree = "<group>";
		};
/* End PBXGroup section */

/* Begin PBXNativeTarget section */
		E7B471B226CDA33E00B652C3 /* flutterlib */ = {
			isa = PBXNativeTarget;
			buildConfigurationList = E7B471C726CDA34100B652C3 /* Build configuration list for PBXNativeTarget "flutterlib" */;
			buildPhases = (
				6F1F785DBBAC873D645A3AC7 /* [CP] Check Pods Manifest.lock */,
				1E7CC58B892965945284BAB5 /* [CP-User] Run Flutter Build myflutter Script */,
				E7B471AF26CDA33E00B652C3 /* Sources */,
				E7B471B026CDA33E00B652C3 /* Frameworks */,
				E7B471B126CDA33E00B652C3 /* Resources */,
				DF0B11B1D5316EBB5A8B764A /* [CP] Embed Pods Frameworks */,
			);
			buildRules = (
			);
			dependencies = (
			);
			name = flutterlib;
			productName = flutterlib;
			productReference = E7B471B326CDA33E00B652C3 /* flutterlib.app */;
			productType = "com.apple.product-type.application";
		};
/* End PBXNativeTarget section */

/* Begin PBXProject section */
		E7B471AB26CDA33E00B652C3 /* Project object */ = {
			isa = PBXProject;
			attributes = {
				LastSwiftUpdateCheck = 1170;
				LastUpgradeCheck = 1170;
				ORGANIZATIONNAME = "Jonatas Da Silva";
				TargetAttributes = {
					E7B471B226CDA33E00B652C3 = {
						CreatedOnToolsVersion = 11.7;
					};
				};
			};
			buildConfigurationList = E7B471AE26CDA33E00B652C3 /* Build configuration list for PBXProject "flutterlib" */;
			compatibilityVersion = "Xcode 9.3";
			developmentRegion = en;
			hasScannedForEncodings = 0;
			knownRegions = (
				en,
				Base,
			);
			mainGroup = E7B471AA26CDA33E00B652C3;
			productRefGroup = E7B471B426CDA33E00B652C3 /* Products */;
			projectDirPath = "";
			projectRoot = "";
			targets = (
				E7B471B226CDA33E00B652C3 /* flutterlib */,
			);
		};
/* End PBXProject section */

/* Begin PBXResourcesBuildPhase section */
		E7B471B126CDA33E00B652C3 /* Resources */ = {
			isa = PBXResourcesBuildPhase;
			buildActionMask = 2147483647;
			files = (
				E7B471C326CDA34100B652C3 /* LaunchScreen.storyboard in Resources */,
				E7B471C026CDA34100B652C3 /* Assets.xcassets in Resources */,
				E7B471BE26CDA33E00B652C3 /* Main.storyboard in Resources */,
			);
			runOnlyForDeploymentPostprocessing = 0;
		};
/* End PBXResourcesBuildPhase section */

/* Begin PBXShellScriptBuildPhase section */
		1E7CC58B892965945284BAB5 /* [CP-User] Run Flutter Build myflutter Script */ = {
			isa = PBXShellScriptBuildPhase;
			buildActionMask = 2147483647;
			files = (
			);
			name = "[CP-User] Run Flutter Build myflutter Script";
			runOnlyForDeploymentPostprocessing = 0;
			shellPath = /bin/sh;
			shellScript = "set -e\nset -u\nsource \"${SRCROOT}/../myflutter/.ios/Flutter/flutter_export_environment.sh\"\nexport VERBOSE_SCRIPT_LOGGING=1 && \"$FLUTTER_ROOT\"/packages/flutter_tools/bin/xcode_backend.sh build";
		};
		6F1F785DBBAC873D645A3AC7 /* [CP] Check Pods Manifest.lock */ = {
			isa = PBXShellScriptBuildPhase;
			buildActionMask = 2147483647;
			files = (
			);
			inputFileListPaths = (
			);
			inputPaths = (
				"${PODS_PODFILE_DIR_PATH}/Podfile.lock",
				"${PODS_ROOT}/Manifest.lock",
			);
			name = "[CP] Check Pods Manifest.lock";
			outputFileListPaths = (
			);
			outputPaths = (
				"$(DERIVED_FILE_DIR)/Pods-flutterlib-checkManifestLockResult.txt",
			);
			runOnlyForDeploymentPostprocessing = 0;
			shellPath = /bin/sh;
			shellScript = "diff \"${PODS_PODFILE_DIR_PATH}/Podfile.lock\" \"${PODS_ROOT}/Manifest.lock\" > /dev/null\nif [ $? != 0 ] ; then\n    # print error to STDERR\n    echo \"error: The sandbox is not in sync with the Podfile.lock. Run 'pod install' or update your CocoaPods installation.\" >&2\n    exit 1\nfi\n# This output is used by Xcode 'outputs' to avoid re-running this script phase.\necho \"SUCCESS\" > \"${SCRIPT_OUTPUT_FILE_0}\"\n";
			showEnvVarsInLog = 0;
		};
		DF0B11B1D5316EBB5A8B764A /* [CP] Embed Pods Frameworks */ = {
			isa = PBXShellScriptBuildPhase;
			buildActionMask = 2147483647;
			files = (
			);
			inputFileListPaths = (
				"${PODS_ROOT}/Target Support Files/Pods-flutterlib/Pods-flutterlib-frameworks-${CONFIGURATION}-input-files.xcfilelist",
			);
			name = "[CP] Embed Pods Frameworks";
			outputFileListPaths = (
				"${PODS_ROOT}/Target Support Files/Pods-flutterlib/Pods-flutterlib-frameworks-${CONFIGURATION}-output-files.xcfilelist",
			);
			runOnlyForDeploymentPostprocessing = 0;
			shellPath = /bin/sh;
			shellScript = "\"${PODS_ROOT}/Target Support Files/Pods-flutterlib/Pods-flutterlib-frameworks.sh\"\n";
			showEnvVarsInLog = 0;
		};
/* End PBXShellScriptBuildPhase section */

/* Begin PBXSourcesBuildPhase section */
		E7B471AF26CDA33E00B652C3 /* Sources */ = {
			isa = PBXSourcesBuildPhase;
			buildActionMask = 2147483647;
			files = (
				E7B471BB26CDA33E00B652C3 /* ViewController.swift in Sources */,
				E7B471B726CDA33E00B652C3 /* AppDelegate.swift in Sources */,
				E7B471B926CDA33E00B652C3 /* SceneDelegate.swift in Sources */,
			);
			runOnlyForDeploymentPostprocessing = 0;
		};
/* End PBXSourcesBuildPhase section */

/* Begin PBXVariantGroup section */
		E7B471BC26CDA33E00B652C3 /* Main.storyboard */ = {
			isa = PBXVariantGroup;
			children = (
				E7B471BD26CDA33E00B652C3 /* Base */,
			);
			name = Main.storyboard;
			sourceTree = "<group>";
		};
		E7B471C126CDA34100B652C3 /* LaunchScreen.storyboard */ = {
			isa = PBXVariantGroup;
			children = (
				E7B471C226CDA34100B652C3 /* Base */,
			);
			name = LaunchScreen.storyboard;
			sourceTree = "<group>";
		};
/* End PBXVariantGroup section */

/* Begin XCBuildConfiguration section */
		E7B471C526CDA34100B652C3 /* Debug */ = {
			isa = XCBuildConfiguration;
			buildSettings = {
				ALWAYS_SEARCH_USER_PATHS = NO;
				CLANG_ANALYZER_NONNULL = YES;
				CLANG_ANALYZER_NUMBER_OBJECT_CONVERSION = YES_AGGRESSIVE;
				CLANG_CXX_LANGUAGE_STANDARD = "gnu++14";
				CLANG_CXX_LIBRARY = "libc++";
				CLANG_ENABLE_MODULES = YES;
				CLANG_ENABLE_OBJC_ARC = YES;
				CLANG_ENABLE_OBJC_WEAK = YES;
				CLANG_WARN_BLOCK_CAPTURE_AUTORELEASING = YES;
				CLANG_WARN_BOOL_CONVERSION = YES;
				CLANG_WARN_COMMA = YES;
				CLANG_WARN_CONSTANT_CONVERSION = YES;
				CLANG_WARN_DEPRECATED_OBJC_IMPLEMENTATIONS = YES;
				CLANG_WARN_DIRECT_OBJC_ISA_USAGE = YES_ERROR;
				CLANG_WARN_DOCUMENTATION_COMMENTS = YES;
				CLANG_WARN_EMPTY_BODY = YES;
				CLANG_WARN_ENUM_CONVERSION = YES;
				CLANG_WARN_INFINITE_RECURSION = YES;
				CLANG_WARN_INT_CONVERSION = YES;
				CLANG_WARN_NON_LITERAL_NULL_CONVERSION = YES;
				CLANG_WARN_OBJC_IMPLICIT_RETAIN_SELF = YES;
				CLANG_WARN_OBJC_LITERAL_CONVERSION = YES;
				CLANG_WARN_OBJC_ROOT_CLASS = YES_ERROR;
				CLANG_WARN_RANGE_LOOP_ANALYSIS = YES;
				CLANG_WARN_STRICT_PROTOTYPES = YES;
				CLANG_WARN_SUSPICIOUS_MOVE = YES;
				CLANG_WARN_UNGUARDED_AVAILABILITY = YES_AGGRESSIVE;
				CLANG_WARN_UNREACHABLE_CODE = YES;
				CLANG_WARN__DUPLICATE_METHOD_MATCH = YES;
				COPY_PHASE_STRIP = NO;
				DEBUG_INFORMATION_FORMAT = dwarf;
				ENABLE_STRICT_OBJC_MSGSEND = YES;
				ENABLE_TESTABILITY = YES;
				GCC_C_LANGUAGE_STANDARD = gnu11;
				GCC_DYNAMIC_NO_PIC = NO;
				GCC_NO_COMMON_BLOCKS = YES;
				GCC_OPTIMIZATION_LEVEL = 0;
				GCC_PREPROCESSOR_DEFINITIONS = (
					"DEBUG=1",
					"$(inherited)",
				);
				GCC_WARN_64_TO_32_BIT_CONVERSION = YES;
				GCC_WARN_ABOUT_RETURN_TYPE = YES_ERROR;
				GCC_WARN_UNDECLARED_SELECTOR = YES;
				GCC_WARN_UNINITIALIZED_AUTOS = YES_AGGRESSIVE;
				GCC_WARN_UNUSED_FUNCTION = YES;
				GCC_WARN_UNUSED_VARIABLE = YES;
				IPHONEOS_DEPLOYMENT_TARGET = 13.7;
				MTL_ENABLE_DEBUG_INFO = INCLUDE_SOURCE;
				MTL_FAST_MATH = YES;
				ONLY_ACTIVE_ARCH = YES;
				SDKROOT = iphoneos;
				SWIFT_ACTIVE_COMPILATION_CONDITIONS = DEBUG;
				SWIFT_OPTIMIZATION_LEVEL = "-Onone";
			};
			name = Debug;
		};
		E7B471C626CDA34100B652C3 /* Release */ = {
			isa = XCBuildConfiguration;
			buildSettings = {
				ALWAYS_SEARCH_USER_PATHS = NO;
				CLANG_ANALYZER_NONNULL = YES;
				CLANG_ANALYZER_NUMBER_OBJECT_CONVERSION = YES_AGGRESSIVE;
				CLANG_CXX_LANGUAGE_STANDARD = "gnu++14";
				CLANG_CXX_LIBRARY = "libc++";
				CLANG_ENABLE_MODULES = YES;
				CLANG_ENABLE_OBJC_ARC = YES;
				CLANG_ENABLE_OBJC_WEAK = YES;
				CLANG_WARN_BLOCK_CAPTURE_AUTORELEASING = YES;
				CLANG_WARN_BOOL_CONVERSION = YES;
				CLANG_WARN_COMMA = YES;
				CLANG_WARN_CONSTANT_CONVERSION = YES;
				CLANG_WARN_DEPRECATED_OBJC_IMPLEMENTATIONS = YES;
				CLANG_WARN_DIRECT_OBJC_ISA_USAGE = YES_ERROR;
				CLANG_WARN_DOCUMENTATION_COMMENTS = YES;
				CLANG_WARN_EMPTY_BODY = YES;
				CLANG_WARN_ENUM_CONVERSION = YES;
				CLANG_WARN_INFINITE_RECURSION = YES;
				CLANG_WARN_INT_CONVERSION = YES;
				CLANG_WARN_NON_LITERAL_NULL_CONVERSION = YES;
				CLANG_WARN_OBJC_IMPLICIT_RETAIN_SELF = YES;
				CLANG_WARN_OBJC_LITERAL_CONVERSION = YES;
				CLANG_WARN_OBJC_ROOT_CLASS = YES_ERROR;
				CLANG_WARN_RANGE_LOOP_ANALYSIS = YES;
				CLANG_WARN_STRICT_PROTOTYPES = YES;
				CLANG_WARN_SUSPICIOUS_MOVE = YES;
				CLANG_WARN_UNGUARDED_AVAILABILITY = YES_AGGRESSIVE;
				CLANG_WARN_UNREACHABLE_CODE = YES;
				CLANG_WARN__DUPLICATE_METHOD_MATCH = YES;
				COPY_PHASE_STRIP = NO;
				DEBUG_INFORMATION_FORMAT = "dwarf-with-dsym";
				ENABLE_NS_ASSERTIONS = NO;
				ENABLE_STRICT_OBJC_MSGSEND = YES;
				GCC_C_LANGUAGE_STANDARD = gnu11;
				GCC_NO_COMMON_BLOCKS = YES;
				GCC_WARN_64_TO_32_BIT_CONVERSION = YES;
				GCC_WARN_ABOUT_RETURN_TYPE = YES_ERROR;
				GCC_WARN_UNDECLARED_SELECTOR = YES;
				GCC_WARN_UNINITIALIZED_AUTOS = YES_AGGRESSIVE;
				GCC_WARN_UNUSED_FUNCTION = YES;
				GCC_WARN_UNUSED_VARIABLE = YES;
				IPHONEOS_DEPLOYMENT_TARGET = 13.7;
				MTL_ENABLE_DEBUG_INFO = NO;
				MTL_FAST_MATH = YES;
				SDKROOT = iphoneos;
				SWIFT_COMPILATION_MODE = wholemodule;
				SWIFT_OPTIMIZATION_LEVEL = "-O";
				VALIDATE_PRODUCT = YES;
			};
			name = Release;
		};
		E7B471C826CDA34100B652C3 /* Debug */ = {
			isa = XCBuildConfiguration;
			baseConfigurationReference = 32E336D3F38F3F080FAFB54D /* Pods-flutterlib.debug.xcconfig */;
			buildSettings = {
				ASSETCATALOG_COMPILER_APPICON_NAME = AppIcon;
				CODE_SIGN_STYLE = Automatic;
				INFOPLIST_FILE = flutterlib/Info.plist;
				LD_RUNPATH_SEARCH_PATHS = (
					"$(inherited)",
					"@executable_path/Frameworks",
				);
				PRODUCT_BUNDLE_IDENTIFIER = flutterlib.flutterlib;
				PRODUCT_NAME = "$(TARGET_NAME)";
				SWIFT_VERSION = 5.0;
				TARGETED_DEVICE_FAMILY = "1,2";
			};
			name = Debug;
		};
		E7B471C926CDA34100B652C3 /* Release */ = {
			isa = XCBuildConfiguration;
			baseConfigurationReference = D75C490D411CE9DC3734711D /* Pods-flutterlib.release.xcconfig */;
			buildSettings = {
				ASSETCATALOG_COMPILER_APPICON_NAME = AppIcon;
				CODE_SIGN_STYLE = Automatic;
				INFOPLIST_FILE = flutterlib/Info.plist;
				LD_RUNPATH_SEARCH_PATHS = (
					"$(inherited)",
					"@executable_path/Frameworks",
				);
				PRODUCT_BUNDLE_IDENTIFIER = flutterlib.flutterlib;
				PRODUCT_NAME = "$(TARGET_NAME)";
				SWIFT_VERSION = 5.0;
				TARGETED_DEVICE_FAMILY = "1,2";
			};
			name = Release;
		};
/* End XCBuildConfiguration section */

/* Begin XCConfigurationList section */
		E7B471AE26CDA33E00B652C3 /* Build configuration list for PBXProject "flutterlib" */ = {
			isa = XCConfigurationList;
			buildConfigurations = (
				E7B471C526CDA34100B652C3 /* Debug */,
				E7B471C626CDA34100B652C3 /* Release */,
			);
			defaultConfigurationIsVisible = 0;
			defaultConfigurationName = Release;
		};
		E7B471C726CDA34100B652C3 /* Build configuration list for PBXNativeTarget "flutterlib" */ = {
			isa = XCConfigurationList;
			buildConfigurations = (
				E7B471C826CDA34100B652C3 /* Debug */,
				E7B471C926CDA34100B652C3 /* Release */,
			);
			defaultConfigurationIsVisible = 0;
			defaultConfigurationName = Release;
		};
/* End XCConfigurationList section */
	};
	rootObject = E7B471AB26CDA33E00B652C3 /* Project object */;
}
